// !$*UTF8*$!
{
	archiveVersion = 1;
	classes = {
	};
	objectVersion = 55;
	objects = {

/* Begin PBXBuildFile section */
		1831DBE927D60B530032B9BB /* AppDelegate.swift in Sources */ = {isa = PBXBuildFile; fileRef = 1831DBE827D60B530032B9BB /* AppDelegate.swift */; };
		1831DBEB27D60B530032B9BB /* SceneDelegate.swift in Sources */ = {isa = PBXBuildFile; fileRef = 1831DBEA27D60B530032B9BB /* SceneDelegate.swift */; };
		1831DBED27D60B530032B9BB /* ViewController.swift in Sources */ = {isa = PBXBuildFile; fileRef = 1831DBEC27D60B530032B9BB /* ViewController.swift */; };
		1831DBF027D60B530032B9BB /* Main.storyboard in Resources */ = {isa = PBXBuildFile; fileRef = 1831DBEE27D60B530032B9BB /* Main.storyboard */; };
		1831DBF227D60B560032B9BB /* Assets.xcassets in Resources */ = {isa = PBXBuildFile; fileRef = 1831DBF127D60B560032B9BB /* Assets.xcassets */; };
		1831DBF527D60B560032B9BB /* LaunchScreen.storyboard in Resources */ = {isa = PBXBuildFile; fileRef = 1831DBF327D60B560032B9BB /* LaunchScreen.storyboard */; };
		186E12F127D63EAF009721D8 /* AppAuth in Frameworks */ = {isa = PBXBuildFile; productRef = 186E12F027D63EAF009721D8 /* AppAuth */; };
		186E12F327D63EAF009721D8 /* AppAuthCore in Frameworks */ = {isa = PBXBuildFile; productRef = 186E12F227D63EAF009721D8 /* AppAuthCore */; };
		18A5099B27DA201800A5A62B /* PlusAuth.plist in Resources */ = {isa = PBXBuildFile; fileRef = 18A5099A27DA201800A5A62B /* PlusAuth.plist */; };
/* End PBXBuildFile section */

/* Begin PBXFileReference section */
		1831DBE527D60B530032B9BB /* plusauth-ios-starter.app */ = {isa = PBXFileReference; explicitFileType = wrapper.application; includeInIndex = 0; path = "plusauth-ios-starter.app"; sourceTree = BUILT_PRODUCTS_DIR; };
		1831DBE827D60B530032B9BB /* AppDelegate.swift */ = {isa = PBXFileReference; lastKnownFileType = sourcecode.swift; path = AppDelegate.swift; sourceTree = "<group>"; };
		1831DBEA27D60B530032B9BB /* SceneDelegate.swift */ = {isa = PBXFileReference; lastKnownFileType = sourcecode.swift; path = SceneDelegate.swift; sourceTree = "<group>"; };
		1831DBEC27D60B530032B9BB /* ViewController.swift */ = {isa = PBXFileReference; lastKnownFileType = sourcecode.swift; path = ViewController.swift; sourceTree = "<group>"; };
		1831DBEF27D60B530032B9BB /* Base */ = {isa = PBXFileReference; lastKnownFileType = file.storyboard; name = Base; path = Base.lproj/Main.storyboard; sourceTree = "<group>"; };
		1831DBF127D60B560032B9BB /* Assets.xcassets */ = {isa = PBXFileReference; lastKnownFileType = folder.assetcatalog; path = Assets.xcassets; sourceTree = "<group>"; };
		1831DBF427D60B560032B9BB /* Base */ = {isa = PBXFileReference; lastKnownFileType = file.storyboard; name = Base; path = Base.lproj/LaunchScreen.storyboard; sourceTree = "<group>"; };
		1831DBF627D60B560032B9BB /* Info.plist */ = {isa = PBXFileReference; lastKnownFileType = text.plist.xml; path = Info.plist; sourceTree = "<group>"; };
		18A5099A27DA201800A5A62B /* PlusAuth.plist */ = {isa = PBXFileReference; lastKnownFileType = text.plist.xml; path = PlusAuth.plist; sourceTree = "<group>"; };
		18A5099C27DA231100A5A62B /* README.md */ = {isa = PBXFileReference; lastKnownFileType = net.daringfireball.markdown; path = README.md; sourceTree = "<group>"; };
/* End PBXFileReference section */

/* Begin PBXFrameworksBuildPhase section */
		1831DBE227D60B530032B9BB /* Frameworks */ = {
			isa = PBXFrameworksBuildPhase;
			buildActionMask = 2147483647;
			files = (
				186E12F127D63EAF009721D8 /* AppAuth in Frameworks */,
				186E12F327D63EAF009721D8 /* AppAuthCore in Frameworks */,
			);
			runOnlyForDeploymentPostprocessing = 0;
		};
/* End PBXFrameworksBuildPhase section */

/* Begin PBXGroup section */
		1831DBDC27D60B530032B9BB = {
			isa = PBXGroup;
			children = (
				18A5099C27DA231100A5A62B /* README.md */,
				1831DBE727D60B530032B9BB /* plusauth-ios-starter */,
				1831DBE627D60B530032B9BB /* Products */,
			);
			sourceTree = "<group>";
		};
		1831DBE627D60B530032B9BB /* Products */ = {
			isa = PBXGroup;
			children = (
				1831DBE527D60B530032B9BB /* plusauth-ios-starter.app */,
			);
			name = Products;
			sourceTree = "<group>";
		};
		1831DBE727D60B530032B9BB /* plusauth-ios-starter */ = {
			isa = PBXGroup;
			children = (
				1831DBE827D60B530032B9BB /* AppDelegate.swift */,
				1831DBEA27D60B530032B9BB /* SceneDelegate.swift */,
				1831DBEC27D60B530032B9BB /* ViewController.swift */,
				1831DBEE27D60B530032B9BB /* Main.storyboard */,
				1831DBF127D60B560032B9BB /* Assets.xcassets */,
				1831DBF327D60B560032B9BB /* LaunchScreen.storyboard */,
				1831DBF627D60B560032B9BB /* Info.plist */,
				18A5099A27DA201800A5A62B /* PlusAuth.plist */,
			);
			path = "plusauth-ios-starter";
			sourceTree = "<group>";
		};
/* End PBXGroup section */

/* Begin PBXNativeTarget section */
		1831DBE427D60B530032B9BB /* plusauth-ios-starter */ = {
			isa = PBXNativeTarget;
			buildConfigurationList = 1831DBF927D60B560032B9BB /* Build configuration list for PBXNativeTarget "plusauth-ios-starter" */;
			buildPhases = (
				1831DBE127D60B530032B9BB /* Sources */,
				1831DBE227D60B530032B9BB /* Frameworks */,
				1831DBE327D60B530032B9BB /* Resources */,
			);
			buildRules = (
			);
			dependencies = (
			);
			name = "plusauth-ios-starter";
			packageProductDependencies = (
				186E12F027D63EAF009721D8 /* AppAuth */,
				186E12F227D63EAF009721D8 /* AppAuthCore */,
			);
			productName = "plusauth-ios-starter";
			productReference = 1831DBE527D60B530032B9BB /* plusauth-ios-starter.app */;
			productType = "com.apple.product-type.application";
		};
/* End PBXNativeTarget section */

/* Begin PBXProject section */
		1831DBDD27D60B530032B9BB /* Project object */ = {
			isa = PBXProject;
			attributes = {
				BuildIndependentTargetsInParallel = 1;
				LastSwiftUpdateCheck = 1320;
				LastUpgradeCheck = 1320;
				TargetAttributes = {
					1831DBE427D60B530032B9BB = {
						CreatedOnToolsVersion = 13.2.1;
					};
				};
			};
			buildConfigurationList = 1831DBE027D60B530032B9BB /* Build configuration list for PBXProject "plusauth-ios-starter" */;
			compatibilityVersion = "Xcode 13.0";
			developmentRegion = en;
			hasScannedForEncodings = 0;
			knownRegions = (
				en,
				Base,
			);
			mainGroup = 1831DBDC27D60B530032B9BB;
			packageReferences = (
				186E12EF27D63EAF009721D8 /* XCRemoteSwiftPackageReference "AppAuth-iOS" */,
			);
			productRefGroup = 1831DBE627D60B530032B9BB /* Products */;
			projectDirPath = "";
			projectRoot = "";
			targets = (
				1831DBE427D60B530032B9BB /* plusauth-ios-starter */,
			);
		};
/* End PBXProject section */

/* Begin PBXResourcesBuildPhase section */
		1831DBE327D60B530032B9BB /* Resources */ = {
			isa = PBXResourcesBuildPhase;
			buildActionMask = 2147483647;
			files = (
				1831DBF527D60B560032B9BB /* LaunchScreen.storyboard in Resources */,
				1831DBF227D60B560032B9BB /* Assets.xcassets in Resources */,
				18A5099B27DA201800A5A62B /* PlusAuth.plist in Resources */,
				1831DBF027D60B530032B9BB /* Main.storyboard in Resources */,
			);
			runOnlyForDeploymentPostprocessing = 0;
		};
/* End PBXResourcesBuildPhase section */

/* Begin PBXSourcesBuildPhase section */
		1831DBE127D60B530032B9BB /* Sources */ = {
			isa = PBXSourcesBuildPhase;
			buildActionMask = 2147483647;
			files = (
				1831DBED27D60B530032B9BB /* ViewController.swift in Sources */,
				1831DBE927D60B530032B9BB /* AppDelegate.swift in Sources */,
				1831DBEB27D60B530032B9BB /* SceneDelegate.swift in Sources */,
			);
			runOnlyForDeploymentPostprocessing = 0;
		};
/* End PBXSourcesBuildPhase section */

/* Begin PBXVariantGroup section */
		1831DBEE27D60B530032B9BB /* Main.storyboard */ = {
			isa = PBXVariantGroup;
			children = (
				1831DBEF27D60B530032B9BB /* Base */,
			);
			name = Main.storyboard;
			sourceTree = "<group>";
		};
		1831DBF327D60B560032B9BB /* LaunchScreen.storyboard */ = {
			isa = PBXVariantGroup;
			children = (
				1831DBF427D60B560032B9BB /* Base */,
			);
			name = LaunchScreen.storyboard;
			sourceTree = "<group>";
		};
/* End PBXVariantGroup section */

/* Begin XCBuildConfiguration section */
		1831DBF727D60B560032B9BB /* Debug */ = {
			isa = XCBuildConfiguration;
			buildSettings = {
				ALWAYS_SEARCH_USER_PATHS = NO;
				CLANG_ANALYZER_NONNULL = YES;
				CLANG_ANALYZER_NUMBER_OBJECT_CONVERSION = YES_AGGRESSIVE;
				CLANG_CXX_LANGUAGE_STANDARD = "gnu++17";
				CLANG_CXX_LIBRARY = "libc++";
				CLANG_ENABLE_MODULES = YES;
				CLANG_ENABLE_OBJC_ARC = YES;
				CLANG_ENABLE_OBJC_WEAK = YES;
				CLANG_WARN_BLOCK_CAPTURE_AUTORELEASING = YES;
				CLANG_WARN_BOOL_CONVERSION = YES;
				CLANG_WARN_COMMA = YES;
				CLANG_WARN_CONSTANT_CONVERSION = YES;
				CLANG_WARN_DEPRECATED_OBJC_IMPLEMENTATIONS = YES;
				CLANG_WARN_DIRECT_OBJC_ISA_USAGE = YES_ERROR;
				CLANG_WARN_DOCUMENTATION_COMMENTS = YES;
				CLANG_WARN_EMPTY_BODY = YES;
				CLANG_WARN_ENUM_CONVERSION = YES;
				CLANG_WARN_INFINITE_RECURSION = YES;
				CLANG_WARN_INT_CONVERSION = YES;
				CLANG_WARN_NON_LITERAL_NULL_CONVERSION = YES;
				CLANG_WARN_OBJC_IMPLICIT_RETAIN_SELF = YES;
				CLANG_WARN_OBJC_LITERAL_CONVERSION = YES;
				CLANG_WARN_OBJC_ROOT_CLASS = YES_ERROR;
				CLANG_WARN_QUOTED_INCLUDE_IN_FRAMEWORK_HEADER = YES;
				CLANG_WARN_RANGE_LOOP_ANALYSIS = YES;
				CLANG_WARN_STRICT_PROTOTYPES = YES;
				CLANG_WARN_SUSPICIOUS_MOVE = YES;
				CLANG_WARN_UNGUARDED_AVAILABILITY = YES_AGGRESSIVE;
				CLANG_WARN_UNREACHABLE_CODE = YES;
				CLANG_WARN__DUPLICATE_METHOD_MATCH = YES;
				COPY_PHASE_STRIP = NO;
				DEBUG_INFORMATION_FORMAT = dwarf;
				ENABLE_STRICT_OBJC_MSGSEND = YES;
				ENABLE_TESTABILITY = YES;
				GCC_C_LANGUAGE_STANDARD = gnu11;
				GCC_DYNAMIC_NO_PIC = NO;
				GCC_NO_COMMON_BLOCKS = YES;
				GCC_OPTIMIZATION_LEVEL = 0;
				GCC_PREPROCESSOR_DEFINITIONS = (
					"DEBUG=1",
					"$(inherited)",
				);
				GCC_WARN_64_TO_32_BIT_CONVERSION = YES;
				GCC_WARN_ABOUT_RETURN_TYPE = YES_ERROR;
				GCC_WARN_UNDECLARED_SELECTOR = YES;
				GCC_WARN_UNINITIALIZED_AUTOS = YES_AGGRESSIVE;
				GCC_WARN_UNUSED_FUNCTION = YES;
				GCC_WARN_UNUSED_VARIABLE = YES;
				IPHONEOS_DEPLOYMENT_TARGET = 15.2;
				MTL_ENABLE_DEBUG_INFO = INCLUDE_SOURCE;
				MTL_FAST_MATH = YES;
				ONLY_ACTIVE_ARCH = YES;
				SDKROOT = iphoneos;
				SWIFT_ACTIVE_COMPILATION_CONDITIONS = DEBUG;
				SWIFT_OPTIMIZATION_LEVEL = "-Onone";
			};
			name = Debug;
		};
		1831DBF827D60B560032B9BB /* Release */ = {
			isa = XCBuildConfiguration;
			buildSettings = {
				ALWAYS_SEARCH_USER_PATHS = NO;
				CLANG_ANALYZER_NONNULL = YES;
				CLANG_ANALYZER_NUMBER_OBJECT_CONVERSION = YES_AGGRESSIVE;
				CLANG_CXX_LANGUAGE_STANDARD = "gnu++17";
				CLANG_CXX_LIBRARY = "libc++";
				CLANG_ENABLE_MODULES = YES;
				CLANG_ENABLE_OBJC_ARC = YES;
				CLANG_ENABLE_OBJC_WEAK = YES;
				CLANG_WARN_BLOCK_CAPTURE_AUTORELEASING = YES;
				CLANG_WARN_BOOL_CONVERSION = YES;
				CLANG_WARN_COMMA = YES;
				CLANG_WARN_CONSTANT_CONVERSION = YES;
				CLANG_WARN_DEPRECATED_OBJC_IMPLEMENTATIONS = YES;
				CLANG_WARN_DIRECT_OBJC_ISA_USAGE = YES_ERROR;
				CLANG_WARN_DOCUMENTATION_COMMENTS = YES;
				CLANG_WARN_EMPTY_BODY = YES;
				CLANG_WARN_ENUM_CONVERSION = YES;
				CLANG_WARN_INFINITE_RECURSION = YES;
				CLANG_WARN_INT_CONVERSION = YES;
				CLANG_WARN_NON_LITERAL_NULL_CONVERSION = YES;
				CLANG_WARN_OBJC_IMPLICIT_RETAIN_SELF = YES;
				CLANG_WARN_OBJC_LITERAL_CONVERSION = YES;
				CLANG_WARN_OBJC_ROOT_CLASS = YES_ERROR;
				CLANG_WARN_QUOTED_INCLUDE_IN_FRAMEWORK_HEADER = YES;
				CLANG_WARN_RANGE_LOOP_ANALYSIS = YES;
				CLANG_WARN_STRICT_PROTOTYPES = YES;
				CLANG_WARN_SUSPICIOUS_MOVE = YES;
				CLANG_WARN_UNGUARDED_AVAILABILITY = YES_AGGRESSIVE;
				CLANG_WARN_UNREACHABLE_CODE = YES;
				CLANG_WARN__DUPLICATE_METHOD_MATCH = YES;
				COPY_PHASE_STRIP = NO;
				DEBUG_INFORMATION_FORMAT = "dwarf-with-dsym";
				ENABLE_NS_ASSERTIONS = NO;
				ENABLE_STRICT_OBJC_MSGSEND = YES;
				GCC_C_LANGUAGE_STANDARD = gnu11;
				GCC_NO_COMMON_BLOCKS = YES;
				GCC_WARN_64_TO_32_BIT_CONVERSION = YES;
				GCC_WARN_ABOUT_RETURN_TYPE = YES_ERROR;
				GCC_WARN_UNDECLARED_SELECTOR = YES;
				GCC_WARN_UNINITIALIZED_AUTOS = YES_AGGRESSIVE;
				GCC_WARN_UNUSED_FUNCTION = YES;
				GCC_WARN_UNUSED_VARIABLE = YES;
				IPHONEOS_DEPLOYMENT_TARGET = 15.2;
				MTL_ENABLE_DEBUG_INFO = NO;
				MTL_FAST_MATH = YES;
				SDKROOT = iphoneos;
				SWIFT_COMPILATION_MODE = wholemodule;
				SWIFT_OPTIMIZATION_LEVEL = "-O";
				VALIDATE_PRODUCT = YES;
			};
			name = Release;
		};
		1831DBFA27D60B560032B9BB /* Debug */ = {
			isa = XCBuildConfiguration;
			buildSettings = {
				ASSETCATALOG_COMPILER_APPICON_NAME = AppIcon;
				ASSETCATALOG_COMPILER_GLOBAL_ACCENT_COLOR_NAME = AccentColor;
				CODE_SIGN_STYLE = Automatic;
				CURRENT_PROJECT_VERSION = 1;
				DEVELOPMENT_TEAM = 6KRM4BGC76;
				GENERATE_INFOPLIST_FILE = YES;
				INFOPLIST_FILE = "plusauth-ios-starter/Info.plist";
				INFOPLIST_KEY_UIApplicationSupportsIndirectInputEvents = YES;
				INFOPLIST_KEY_UILaunchStoryboardName = LaunchScreen;
				INFOPLIST_KEY_UIMainStoryboardFile = Main;
				INFOPLIST_KEY_UISupportedInterfaceOrientations_iPad = "UIInterfaceOrientationPortrait UIInterfaceOrientationPortraitUpsideDown UIInterfaceOrientationLandscapeLeft UIInterfaceOrientationLandscapeRight";
				INFOPLIST_KEY_UISupportedInterfaceOrientations_iPhone = "UIInterfaceOrientationPortrait UIInterfaceOrientationLandscapeLeft UIInterfaceOrientationLandscapeRight";
				LD_RUNPATH_SEARCH_PATHS = (
					"$(inherited)",
					"@executable_path/Frameworks",
				);
				MARKETING_VERSION = 1.0;
				PRODUCT_BUNDLE_IDENTIFIER = "com.plusauth.iosexample.plusauth-ios-starter";
				PRODUCT_NAME = "$(TARGET_NAME)";
				SWIFT_EMIT_LOC_STRINGS = YES;
				SWIFT_VERSION = 5.0;
				TARGETED_DEVICE_FAMILY = "1,2";
			};
			name = Debug;
		};
		1831DBFB27D60B560032B9BB /* Release */ = {
			isa = XCBuildConfiguration;
			buildSettings = {
				ASSETCATALOG_COMPILER_APPICON_NAME = AppIcon;
				ASSETCATALOG_COMPILER_GLOBAL_ACCENT_COLOR_NAME = AccentColor;
				CODE_SIGN_STYLE = Automatic;
				CURRENT_PROJECT_VERSION = 1;
				DEVELOPMENT_TEAM = 6KRM4BGC76;
				GENERATE_INFOPLIST_FILE = YES;
				INFOPLIST_FILE = "plusauth-ios-starter/Info.plist";
				INFOPLIST_KEY_UIApplicationSupportsIndirectInputEvents = YES;
				INFOPLIST_KEY_UILaunchStoryboardName = LaunchScreen;
				INFOPLIST_KEY_UIMainStoryboardFile = Main;
				INFOPLIST_KEY_UISupportedInterfaceOrientations_iPad = "UIInterfaceOrientationPortrait UIInterfaceOrientationPortraitUpsideDown UIInterfaceOrientationLandscapeLeft UIInterfaceOrientationLandscapeRight";
				INFOPLIST_KEY_UISupportedInterfaceOrientations_iPhone = "UIInterfaceOrientationPortrait UIInterfaceOrientationLandscapeLeft UIInterfaceOrientationLandscapeRight";
				LD_RUNPATH_SEARCH_PATHS = (
					"$(inherited)",
					"@executable_path/Frameworks",
				);
				MARKETING_VERSION = 1.0;
				PRODUCT_BUNDLE_IDENTIFIER = "com.plusauth.iosexample.plusauth-ios-starter";
				PRODUCT_NAME = "$(TARGET_NAME)";
				SWIFT_EMIT_LOC_STRINGS = YES;
				SWIFT_VERSION = 5.0;
				TARGETED_DEVICE_FAMILY = "1,2";
			};
			name = Release;
		};
/* End XCBuildConfiguration section */

/* Begin XCConfigurationList section */
		1831DBE027D60B530032B9BB /* Build configuration list for PBXProject "plusauth-ios-starter" */ = {
			isa = XCConfigurationList;
			buildConfigurations = (
				1831DBF727D60B560032B9BB /* Debug */,
				1831DBF827D60B560032B9BB /* Release */,
			);
			defaultConfigurationIsVisible = 0;
			defaultConfigurationName = Release;
		};
		1831DBF927D60B560032B9BB /* Build configuration list for PBXNativeTarget "plusauth-ios-starter" */ = {
			isa = XCConfigurationList;
			buildConfigurations = (
				1831DBFA27D60B560032B9BB /* Debug */,
				1831DBFB27D60B560032B9BB /* Release */,
			);
			defaultConfigurationIsVisible = 0;
			defaultConfigurationName = Release;
		};
/* End XCConfigurationList section */

/* Begin XCRemoteSwiftPackageReference section */
		186E12EF27D63EAF009721D8 /* XCRemoteSwiftPackageReference "AppAuth-iOS" */ = {
			isa = XCRemoteSwiftPackageReference;
			repositoryURL = "https://github.com/openid/AppAuth-iOS.git";
			requirement = {
				branch = master;
				kind = branch;
			};
		};
/* End XCRemoteSwiftPackageReference section */

/* Begin XCSwiftPackageProductDependency section */
		186E12F027D63EAF009721D8 /* AppAuth */ = {
			isa = XCSwiftPackageProductDependency;
			package = 186E12EF27D63EAF009721D8 /* XCRemoteSwiftPackageReference "AppAuth-iOS" */;
			productName = AppAuth;
		};
		186E12F227D63EAF009721D8 /* AppAuthCore */ = {
			isa = XCSwiftPackageProductDependency;
			package = 186E12EF27D63EAF009721D8 /* XCRemoteSwiftPackageReference "AppAuth-iOS" */;
			productName = AppAuthCore;
		};
/* End XCSwiftPackageProductDependency section */
	};
	rootObject = 1831DBDD27D60B530032B9BB /* Project object */;
}
